
Microsoft Visual Studio Solution File, Format Version 12.00
# Visual Studio 14
VisualStudioVersion = 14.0.25123.0
MinimumVisualStudioVersion = 10.0.40219.1
Project("{FAE04EC0-301F-11D3-BF4B-00C04F79EFBC}") = "JsonDashboard", "RedBear.Log4View.JsonDashboard\JsonDashboard.csproj", "{AF7A1C2D-D59A-4FCF-9693-44ABDFFC94BC}"
EndProject
Project("{930C7802-8A8C-48F9-8165-68863BCCD9DD}") = "RedBear.Log4View.JsonDashboard.Setup", "RedBear.Log4View.JsonDashboard.Setup\RedBear.Log4View.JsonDashboard.Setup.wixproj", "{141B5216-DCC0-4E58-A964-A033247F8168}"
EndProject
Global
	GlobalSection(SolutionConfigurationPlatforms) = preSolution
		Debug|Any CPU = Debug|Any CPU
		Release|Any CPU = Release|Any CPU
	EndGlobalSection
	GlobalSection(ProjectConfigurationPlatforms) = postSolution
		{AF7A1C2D-D59A-4FCF-9693-44ABDFFC94BC}.Debug|Any CPU.ActiveCfg = Debug|Any CPU
		{AF7A1C2D-D59A-4FCF-9693-44ABDFFC94BC}.Debug|Any CPU.Build.0 = Debug|Any CPU
		{AF7A1C2D-D59A-4FCF-9693-44ABDFFC94BC}.Release|Any CPU.ActiveCfg = Release|Any CPU
		{AF7A1C2D-D59A-4FCF-9693-44ABDFFC94BC}.Release|Any CPU.Build.0 = Release|Any CPU
		{141B5216-DCC0-4E58-A964-A033247F8168}.Debug|Any CPU.ActiveCfg = Debug|x86
		{141B5216-DCC0-4E58-A964-A033247F8168}.Release|Any CPU.ActiveCfg = Release|x86
	EndGlobalSection
	GlobalSection(SolutionProperties) = preSolution
		HideSolutionNode = FALSE
	EndGlobalSection
EndGlobal
